
Microsoft Visual Studio Solution File, Format Version 9.00
# Visual Studio 2005
Project("{8BC9CEB8-8B4A-11D0-8D11-00A0C91BC942}") = "sump", "sump.vcproj", "{9CC0AE80-559D-48E3-803E-082D3184B096}"
EndProject
Global
	GlobalSection(SolutionConfigurationPlatforms) = preSolution
		Debug|Win32 = Debug|Win32
		Release|Win32 = Release|Win32
	EndGlobalSection
	GlobalSection(ProjectConfigurationPlatforms) = postSolution
		{9CC0AE80-559D-48E3-803E-082D3184B096}.Debug|Win32.ActiveCfg = Debug|Win32
		{9CC0AE80-559D-48E3-803E-082D3184B096}.Debug|Win32.Build.0 = Debug|Win32
		{9CC0AE80-559D-48E3-803E-082D3184B096}.Release|Win32.ActiveCfg = Release|Win32
		{9CC0AE80-559D-48E3-803E-082D3184B096}.Release|Win32.Build.0 = Release|Win32
	EndGlobalSection
	GlobalSection(SolutionProperties) = preSolution
		HideSolutionNode = FALSE
	EndGlobalSection
EndGlobal
